<?xml version="1.0" encoding="utf-8"?>
<Project ToolsVersion="4.0" xmlns="http://schemas.microsoft.com/developer/msbuild/2003">
  <ItemGroup>
    <FxCompile Include="Resources\Shaders\DisplayEffects\VGS\DisplayGS.hlsl">
      <Filter>Resources\Shaders\Display</Filter>
    </FxCompile>
    <FxCompile Include="Resources\Shaders\DisplayEffects\VGS\DisplayVS.hlsl">
      <Filter>Resources\Shaders\Display</Filter>
    </FxCompile>
    <FxCompile Include="Resources\Shaders\DisplayEffects\Brown\BrownPS.hlsl">
      <Filter>Resources\Shaders\Display</Filter>
    </FxCompile>
    <FxCompile Include="Resources\Shaders\DisplayEffects\Monochrome\MonochroPS.hlsl">
      <Filter>Resources\Shaders\Display</Filter>
    </FxCompile>
    <FxCompile Include="Resources\Shaders\Water\WaterGS.hlsl">
      <Filter>Resources\Shaders\Water</Filter>
    </FxCompile>
    <FxCompile Include="Resources\Shaders\Water\WaterPS.hlsl">
      <Filter>Resources\Shaders\Water</Filter>
    </FxCompile>
    <FxCompile Include="Resources\Shaders\Water\WaterVS.hlsl">
      <Filter>Resources\Shaders\Water</Filter>
    </FxCompile>
    <FxCompile Include="Resources\Shaders\Transition\PS_Transition.hlsl">
      <Filter>Resources\Shaders\Transition</Filter>
    </FxCompile>
    <FxCompile Include="Resources\Shaders\Transition\GS_Transition.hlsl">
      <Filter>Resources\Shaders\Transition</Filter>
    </FxCompile>
    <FxCompile Include="Resources\Shaders\Transition\VS_Transition.hlsl">
      <Filter>Resources\Shaders\Transition</Filter>
    </FxCompile>
    <FxCompile Include="Resources\Shaders\ShadowMap\SM_PS.hlsl">
      <Filter>Resources\Shaders\ShadowMap</Filter>
    </FxCompile>
    <FxCompile Include="Resources\Shaders\ShadowMap\SM_PS_Depth.hlsl">
      <Filter>Resources\Shaders\ShadowMap</Filter>
    </FxCompile>
    <FxCompile Include="Resources\Shaders\ShadowMap\SM_VS.hlsl">
      <Filter>Resources\Shaders\ShadowMap</Filter>
    </FxCompile>
    <FxCompile Include="Resources\Shaders\ShadowMap\SM_VS_Depth.hlsl">
      <Filter>Resources\Shaders\ShadowMap</Filter>
    </FxCompile>
  </ItemGroup>
  <ItemGroup>
    <ClCompile Include="Game\Cameras\AdminCamera\AdminCamera.cpp">
      <Filter>Cameras\AdminCamera</Filter>
    </ClCompile>
    <ClCompile Include="Libraries\SystemDatas\Camera\Camera.cpp">
      <Filter>Cameras\Camera</Filter>
    </ClCompile>
    <ClCompile Include="Game\Cameras\EditorCamera\EditorCamera.cpp">
      <Filter>Cameras\EditorCamera</Filter>
    </ClCompile>
    <ClCompile Include="Game\Cameras\DeathCamera\DeathCamera.cpp">
      <Filter>Cameras\DeathCamera</Filter>
    </ClCompile>
    <ClCompile Include="Game\Common\IGameCamera\IGameCamera.cpp">
      <Filter>Interfaces\IGameCamera</Filter>
    </ClCompile>
    <ClCompile Include="Game\Common\IGameObject\IGameObject.cpp">
      <Filter>Interfaces\IGameObject</Filter>
    </ClCompile>
    <ClCompile Include="Game\IScene\IScene.cpp">
      <Filter>Interfaces\IScene</Filter>
    </ClCompile>
    <ClCompile Include="Game\Common\IUserInterface\IUserInterface.cpp">
      <Filter>Interfaces\IUserInterface</Filter>
    </ClCompile>
    <ClCompile Include="Game\Editor\Objects\Air\Air.cpp">
      <Filter>GameObjects\Common\Blocks\Air</Filter>
    </ClCompile>
    <ClCompile Include="Game\TitleScene\Objects\Bird_Title\Bird_Title.cpp">
      <Filter>GameObjects\Title\Bird_Title</Filter>
    </ClCompile>
    <ClCompile Include="Game\ClearScene\ClearScene.cpp">
      <Filter>Scenes\ClearScene</Filter>
    </ClCompile>
    <ClCompile Include="Game\Common\Blocks\Cloud\Cloud.cpp">
      <Filter>GameObjects\Common\Blocks\Cloud</Filter>
    </ClCompile>
    <ClCompile Include="Game\Common\Blocks\Coin\Coin.cpp">
      <Filter>GameObjects\Common\Blocks\Coin</Filter>
    </ClCompile>
    <ClCompile Include="Game\Common\CursorObject\CursorObject.cpp">
      <Filter>GameObjects\Common\CursorObject</Filter>
    </ClCompile>
    <ClCompile Include="Libraries\SystemDatas\Button\Button.cpp">
      <Filter>Libraries\Button</Filter>
    </ClCompile>
    <ClCompile Include="Libraries\SystemDatas\DepthStencil\DepthStencil.cpp">
      <Filter>Libraries\DepthStencil</Filter>
    </ClCompile>
    <ClCompile Include="DeviceResources.cpp">
      <Filter>Libraries\DeviceResources</Filter>
    </ClCompile>
    <ClCompile Include="Libraries\SystemDatas\DiaLog\DiaLog.cpp">
      <Filter>Libraries\DiaLog</Filter>
    </ClCompile>
    <ClCompile Include="Libraries\SystemDatas\DisplayEffect\DisplayEffect.cpp">
      <Filter>Libraries\DisplayEffect</Filter>
    </ClCompile>
    <ClCompile Include="Libraries\SystemDatas\DrawSprite\DrawSprite.cpp">
      <Filter>Libraries\DrawSprite</Filter>
    </ClCompile>
    <ClCompile Include="Libraries\SystemDatas\DrawString\DrawString.cpp">
      <Filter>Libraries\DrawString</Filter>
    </ClCompile>
    <ClCompile Include="Libraries\SystemDatas\ScreenEffects\Fade\Fade.cpp">
      <Filter>Libraries\Fade</Filter>
    </ClCompile>
    <ClCompile Include="Libraries\Factories\GeometricFactory.cpp">
      <Filter>Libraries\GeometricFactory</Filter>
    </ClCompile>
    <ClCompile Include="Libraries\SystemDatas\GridFloor\GridFloor.cpp">
      <Filter>Libraries\GridFloor</Filter>
    </ClCompile>
    <ClCompile Include="Libraries\SystemDatas\Input\Input.cpp">
      <Filter>Libraries\Input</Filter>
    </ClCompile>
    <ClCompile Include="Libraries\SystemDatas\JsonHelper\JsonHelper.cpp">
      <Filter>Libraries\JsonHelper</Filter>
    </ClCompile>
    <ClCompile Include="Libraries\Factories\ModelFactory.cpp">
      <Filter>Libraries\ModelFactory</Filter>
    </ClCompile>
    <ClCompile Include="Libraries\SystemDatas\RayCast\RayCast.cpp">
      <Filter>Libraries\RayCast</Filter>
    </ClCompile>
    <ClCompile Include="RenderTexture.cpp">
      <Filter>Libraries\RenderTexture</Filter>
    </ClCompile>
    <ClCompile Include="Libraries\SystemDatas\SoundManager\SoundManager.cpp">
      <Filter>Libraries\SoundManager</Filter>
    </ClCompile>
    <ClCompile Include="Libraries\SystemDatas\ScreenEffects\Transition\Transition.cpp">
      <Filter>Libraries\Transition</Filter>
    </ClCompile>
    <ClCompile Include="Libraries\SystemDatas\XController\XController.cpp">
      <Filter>Libraries\XContoller</Filter>
    </ClCompile>
    <ClCompile Include="Game\SelectScene\SelectScene.cpp">
      <Filter>Scenes\SelectScene</Filter>
    </ClCompile>
    <ClCompile Include="Game\TitleScene\TitleScene.cpp">
      <Filter>Scenes\TitleScene</Filter>
    </ClCompile>
    <ClCompile Include="Game\PlayScene\PlayScene.cpp">
      <Filter>Scenes\PlayScene</Filter>
    </ClCompile>
    <ClCompile Include="Game\Editor\Editor.cpp">
      <Filter>Scenes\Editor</Filter>
    </ClCompile>
    <ClCompile Include="Game\Cameras\FixedPointCamera\FixedPointCamera.cpp">
      <Filter>Cameras\FixedPointCamera</Filter>
    </ClCompile>
    <ClCompile Include="Main.cpp">
      <Filter>Main</Filter>
    </ClCompile>
    <ClCompile Include="Game.cpp">
      <Filter>Main\Game</Filter>
    </ClCompile>
    <ClCompile Include="Game\GameMain.cpp">
      <Filter>Main\GameMain</Filter>
    </ClCompile>
    <ClCompile Include="pch.cpp">
      <Filter>Main\pch</Filter>
    </ClCompile>
    <ClCompile Include="Game\Editor\Objects\EditChara\EditChara.cpp">
      <Filter>GameObjects\Editor\EditChara</Filter>
    </ClCompile>
    <ClCompile Include="Game\Common\BlockManager\BlockManager.cpp">
      <Filter>GameObjects\Common\BlockManager</Filter>
    </ClCompile>
    <ClCompile Include="Game\PlayScene\Objects\Flag\Flag.cpp">
      <Filter>GameObjects\Play\Flag</Filter>
    </ClCompile>
    <ClCompile Include="Game\Common\Blocks\Goal\Goal.cpp">
      <Filter>GameObjects\Common\Blocks\Goal</Filter>
    </ClCompile>
    <ClCompile Include="Game\PlayScene\System\ImageShot\ImageShot.cpp">
      <Filter>GameSystems\Play\ImageShot</Filter>
    </ClCompile>
    <ClCompile Include="Game\Editor\System\EditorCollision\EditorCollision.cpp">
      <Filter>GameSystems\Editor\EditorCollision</Filter>
    </ClCompile>
    <ClCompile Include="Game\PlayScene\System\FlagManager\FlagManager.cpp">
      <Filter>GameSystems\Play\FlagManager</Filter>
    </ClCompile>
    <ClCompile Include="Game\PlayScene\Objects\Player\Player.cpp">
      <Filter>GameObjects\Play\Player</Filter>
    </ClCompile>
    <ClCompile Include="Game\PlayScene\Objects\Player\Parts\Head.cpp">
      <Filter>GameObjects\Play\Player\Head</Filter>
    </ClCompile>
    <ClCompile Include="Game\Cameras\RotateCamera\RotateCamera.cpp">
      <Filter>Cameras\RotateCamera</Filter>
    </ClCompile>
    <ClCompile Include="Game\TitleScene\Objects\Sky_Title\Sky_Title.cpp">
      <Filter>GameObjects\Title\Sky_Title</Filter>
    </ClCompile>
    <ClCompile Include="Game\PlayScene\Objects\Sky_Play\Sky_Play.cpp">
      <Filter>GameObjects\Play\Sky_Play</Filter>
    </ClCompile>
    <ClCompile Include="Game\SelectScene\Objects\Sky_Select\Sky_Select.cpp">
      <Filter>GameObjects\Select\Sky_Select</Filter>
    </ClCompile>
    <ClCompile Include="Game\Common\Blocks\Spike\Spike.cpp">
      <Filter>GameObjects\Common\Blocks\Spike</Filter>
    </ClCompile>
    <ClCompile Include="Game\Cameras\FloatingCameras\Stage1Camera\Stage1Camera.cpp">
      <Filter>Cameras\StageCamera</Filter>
    </ClCompile>
    <ClCompile Include="Game\Cameras\FloatingCameras\Stage2Camera\Stage2Camera.cpp">
      <Filter>Cameras\StageCamera</Filter>
    </ClCompile>
    <ClCompile Include="Game\Cameras\FloatingCameras\Stage3Camera\Stage3Camera.cpp">
      <Filter>Cameras\StageCamera</Filter>
    </ClCompile>
    <ClCompile Include="Game\Editor\System\UI_Editor\UI_Editor.cpp">
      <Filter>GameSystems\Editor\UI_Editor</Filter>
    </ClCompile>
    <ClCompile Include="Game\PlayScene\System\StageCollision\StageCollision.cpp">
      <Filter>GameSystems\Play\StageCollision</Filter>
    </ClCompile>
    <ClCompile Include="Game\SelectScene\System\UI_Select\UI_Select.cpp">
      <Filter>GameSystems\Select\UI_Select</Filter>
    </ClCompile>
    <ClCompile Include="Game\TitleScene\System\UI_Title\UI_Title.cpp">
      <Filter>GameSystems\Title\UI_Title</Filter>
    </ClCompile>
    <ClCompile Include="Game\Common\Water\Water.cpp">
      <Filter>GameObjects\Common\Water</Filter>
    </ClCompile>
    <ClCompile Include="Game\Common\WorldMouse\WorldMouse.cpp">
      <Filter>GameObjects\Common\WorldMouse</Filter>
    </ClCompile>
    <ClCompile Include="Libraries\SystemManager\SystemManager.cpp">
      <Filter>Libraries\SystemManager</Filter>
    </ClCompile>
    <ClCompile Include="Game\PlayScene\System\UI_Play\UI_Play.cpp">
      <Filter>GameSystems\Play\UI_Play</Filter>
    </ClCompile>
    <ClCompile Include="Game\Common\DrawNumber\DrawNumber.cpp">
      <Filter>GameSystems\Common\DrawNumber</Filter>
    </ClCompile>
    <ClCompile Include="Game\PlayScene\System\UI_Play\UI_PlayArea\UI_PlayArea.cpp">
      <Filter>GameSystems\Play\UI_Play\UI_PlayArea</Filter>
    </ClCompile>
    <ClCompile Include="Game\PlayScene\System\UI_Play\UI_CoinNum\UI_CoinNum.cpp">
      <Filter>GameSystems\Play\UI_Play\UI_CoinNum</Filter>
    </ClCompile>
    <ClCompile Include="Game\Cameras\FloatingCameras\Stage0Camera\Stage0Camera.cpp">
      <Filter>Cameras\StageCamera</Filter>
    </ClCompile>
    <ClCompile Include="Game\Cameras\FloatingCameras\Stage4Camera\Stage4Camera.cpp">
      <Filter>Cameras\StageCamera</Filter>
    </ClCompile>
    <ClCompile Include="Libraries\SystemDatas\Timer\Timer.cpp">
      <Filter>Libraries\Timer</Filter>
    </ClCompile>
    <ClCompile Include="Game\ClearScene\System\UI_Clear\UI_Clear.cpp">
      <Filter>GameSystems\Clear\UI_Clear</Filter>
    </ClCompile>
    <ClCompile Include="Game\ClearScene\System\ScoreBoard\ScoreBoard.cpp">
      <Filter>GameSystems\Clear\ScoreBoard</Filter>
    </ClCompile>
    <ClCompile Include="Game\ClearScene\Objects\BG_Clear\BG_Clear.cpp">
      <Filter>GameObjects\Clear\BG_Clear</Filter>
    </ClCompile>
    <ClCompile Include="Game\ClearScene\Objects\MomentCanv\MomentCanv.cpp">
      <Filter>GameObjects\Clear\MomentCanv</Filter>
    </ClCompile>
    <ClCompile Include="Game\ClearScene\Objects\Tape\Tape.cpp">
      <Filter>GameObjects\Clear\Tape</Filter>
    </ClCompile>
    <ClCompile Include="Game\Common\Blocks\Flozen\Flozen.cpp">
      <Filter>GameObjects\Common\Blocks\Flozen</Filter>
    </ClCompile>
    <ClCompile Include="Game\SelectScene\Objects\BG_Select\BG_Select.cpp">
      <Filter>GameObjects\Select\BG_Select</Filter>
    </ClCompile>
    <ClCompile Include="Game\ClearScene\Objects\Seal\Seal.cpp">
      <Filter>GameObjects\Clear\Seal</Filter>
    </ClCompile>
    <ClCompile Include="Game\TitleScene\Objects\Logo\Logo.cpp">
      <Filter>GameObjects\Title\Logo</Filter>
    </ClCompile>
  </ItemGroup>
  <ItemGroup>
    <ClInclude Include="Game\Cameras\AdminCamera\AdminCamera.h">
      <Filter>Cameras\AdminCamera</Filter>
    </ClInclude>
    <ClInclude Include="Libraries\SystemDatas\Camera\Camera.h">
      <Filter>Cameras\Camera</Filter>
    </ClInclude>
    <ClInclude Include="Game\Cameras\EditorCamera\EditorCamera.h">
      <Filter>Cameras\EditorCamera</Filter>
    </ClInclude>
    <ClInclude Include="Game\Cameras\DeathCamera\DeathCamera.h">
      <Filter>Cameras\DeathCamera</Filter>
    </ClInclude>
    <ClInclude Include="Game\Common\IGameCamera\IGameCamera.h">
      <Filter>Interfaces\IGameCamera</Filter>
    </ClInclude>
    <ClInclude Include="Game\Common\IGameObject\IGameObject.h">
      <Filter>Interfaces\IGameObject</Filter>
    </ClInclude>
    <ClInclude Include="Game\Common\IGameObject\IGameObjectStates.h">
      <Filter>Interfaces\IGameObject</Filter>
    </ClInclude>
    <ClInclude Include="Game\IScene\IScene.h">
      <Filter>Interfaces\IScene</Filter>
    </ClInclude>
    <ClInclude Include="Game\Common\IUserInterface\IUserInterface.h">
      <Filter>Interfaces\IUserInterface</Filter>
    </ClInclude>
    <ClInclude Include="Game\Editor\Objects\Air\Air.h">
      <Filter>GameObjects\Common\Blocks\Air</Filter>
    </ClInclude>
    <ClInclude Include="Game\TitleScene\Objects\Bird_Title\Bird_Title.h">
      <Filter>GameObjects\Title\Bird_Title</Filter>
    </ClInclude>
    <ClInclude Include="Game\ClearScene\ClearScene.h">
      <Filter>Scenes\ClearScene</Filter>
    </ClInclude>
    <ClInclude Include="Game\Common\Blocks\Cloud\Cloud.h">
      <Filter>GameObjects\Common\Blocks\Cloud</Filter>
    </ClInclude>
    <ClInclude Include="Game\Common\Blocks\Coin\Coin.h">
      <Filter>GameObjects\Common\Blocks\Coin</Filter>
    </ClInclude>
    <ClInclude Include="Game\Common\CursorObject\CursorObject.h">
      <Filter>GameObjects\Common\CursorObject</Filter>
    </ClInclude>
    <ClInclude Include="Libraries\SystemDatas\Button\Button.h">
      <Filter>Libraries\Button</Filter>
    </ClInclude>
    <ClInclude Include="Libraries\SystemDatas\DepthStencil\DepthStencil.h">
      <Filter>Libraries\DepthStencil</Filter>
    </ClInclude>
    <ClInclude Include="DeviceResources.h">
      <Filter>Libraries\DeviceResources</Filter>
    </ClInclude>
    <ClInclude Include="Libraries\SystemDatas\DiaLog\DiaLog.h">
      <Filter>Libraries\DiaLog</Filter>
    </ClInclude>
    <ClInclude Include="Libraries\SystemDatas\DisplayEffect\DisplayEffect.h">
      <Filter>Libraries\DisplayEffect</Filter>
    </ClInclude>
    <ClInclude Include="Libraries\SystemDatas\DrawSprite\DrawSprite.h">
      <Filter>Libraries\DrawSprite</Filter>
    </ClInclude>
    <ClInclude Include="Libraries\SystemDatas\DrawString\DrawString.h">
      <Filter>Libraries\DrawString</Filter>
    </ClInclude>
    <ClInclude Include="Libraries\SystemDatas\ScreenEffects\Fade\Fade.h">
      <Filter>Libraries\Fade</Filter>
    </ClInclude>
    <ClInclude Include="Libraries\Factories\GeometricFactory.h">
      <Filter>Libraries\GeometricFactory</Filter>
    </ClInclude>
    <ClInclude Include="Libraries\SystemDatas\GridFloor\GridFloor.h">
      <Filter>Libraries\GridFloor</Filter>
    </ClInclude>
    <ClInclude Include="Libraries\SystemDatas\Input\Input.h">
      <Filter>Libraries\Input</Filter>
    </ClInclude>
    <ClInclude Include="Libraries\SystemDatas\JsonHelper\json.hpp">
      <Filter>Libraries\JsonHelper</Filter>
    </ClInclude>
    <ClInclude Include="Libraries\SystemDatas\JsonHelper\JsonHelper.h">
      <Filter>Libraries\JsonHelper</Filter>
    </ClInclude>
    <ClInclude Include="Libraries\Factories\ModelFactory.h">
      <Filter>Libraries\ModelFactory</Filter>
    </ClInclude>
    <ClInclude Include="Libraries\SystemDatas\RayCast\RayCast.h">
      <Filter>Libraries\RayCast</Filter>
    </ClInclude>
    <ClInclude Include="RenderTexture.h">
      <Filter>Libraries\RenderTexture</Filter>
    </ClInclude>
    <ClInclude Include="SoundList.h">
      <Filter>Libraries\SoundManager</Filter>
    </ClInclude>
    <ClInclude Include="Libraries\SystemDatas\SoundManager\SoundManager.h">
      <Filter>Libraries\SoundManager</Filter>
    </ClInclude>
    <ClInclude Include="Libraries\SystemDatas\ScreenEffects\Transition\Transition.h">
      <Filter>Libraries\Transition</Filter>
    </ClInclude>
    <ClInclude Include="Libraries\SystemDatas\XController\XController.h">
      <Filter>Libraries\XContoller</Filter>
    </ClInclude>
    <ClInclude Include="Game\SelectScene\SelectScene.h">
      <Filter>Scenes\SelectScene</Filter>
    </ClInclude>
    <ClInclude Include="Game\TitleScene\TitleScene.h">
      <Filter>Scenes\TitleScene</Filter>
    </ClInclude>
    <ClInclude Include="Game\PlayScene\PlayScene.h">
      <Filter>Scenes\PlayScene</Filter>
    </ClInclude>
    <ClInclude Include="Game\Editor\Editor.h">
      <Filter>Scenes\Editor</Filter>
    </ClInclude>
    <ClInclude Include="Game\Cameras\FixedPointCamera\FixedPointCamera.h">
      <Filter>Cameras\FixedPointCamera</Filter>
    </ClInclude>
    <ClInclude Include="Game.h">
      <Filter>Main\Game</Filter>
    </ClInclude>
    <ClInclude Include="Game\GameMain.h">
      <Filter>Main\GameMain</Filter>
    </ClInclude>
    <ClInclude Include="pch.h">
      <Filter>Main\pch</Filter>
    </ClInclude>
    <ClInclude Include="Game\Editor\Objects\EditChara\EditChara.h">
      <Filter>GameObjects\Editor\EditChara</Filter>
    </ClInclude>
    <ClInclude Include="Game\Common\BlockManager\BlockManager.h">
      <Filter>GameObjects\Common\BlockManager</Filter>
    </ClInclude>
    <ClInclude Include="Game\PlayScene\Objects\Flag\Flag.h">
      <Filter>GameObjects\Play\Flag</Filter>
    </ClInclude>
    <ClInclude Include="Game\Common\Blocks\Goal\Goal.h">
      <Filter>GameObjects\Common\Blocks\Goal</Filter>
    </ClInclude>
    <ClInclude Include="Game\PlayScene\System\ImageShot\ImageShot.h">
      <Filter>GameSystems\Play\ImageShot</Filter>
    </ClInclude>
    <ClInclude Include="Game\Editor\System\EditorCollision\EditorCollision.h">
      <Filter>GameSystems\Editor\EditorCollision</Filter>
    </ClInclude>
    <ClInclude Include="Game\PlayScene\System\FlagManager\FlagManager.h">
      <Filter>GameSystems\Play\FlagManager</Filter>
    </ClInclude>
    <ClInclude Include="Game\PlayScene\Objects\Player\Player.h">
      <Filter>GameObjects\Play\Player</Filter>
    </ClInclude>
    <ClInclude Include="Game\PlayScene\Objects\Player\Parts\Head.h">
      <Filter>GameObjects\Play\Player\Head</Filter>
    </ClInclude>
    <ClInclude Include="Game\Cameras\RotateCamera\RotateCamera.h">
      <Filter>Cameras\RotateCamera</Filter>
    </ClInclude>
    <ClInclude Include="Game\TitleScene\Objects\Sky_Title\Sky_Title.h">
      <Filter>GameObjects\Title\Sky_Title</Filter>
    </ClInclude>
    <ClInclude Include="Game\PlayScene\Objects\Sky_Play\Sky_Play.h">
      <Filter>GameObjects\Play\Sky_Play</Filter>
    </ClInclude>
    <ClInclude Include="Game\SelectScene\Objects\Sky_Select\Sky_Select.h">
      <Filter>GameObjects\Select\Sky_Select</Filter>
    </ClInclude>
    <ClInclude Include="Game\Common\Blocks\Spike\Spike.h">
      <Filter>GameObjects\Common\Blocks\Spike</Filter>
    </ClInclude>
    <ClInclude Include="Game\Cameras\FloatingCameras\Stage1Camera\Stage1Camera.h">
      <Filter>Cameras\StageCamera</Filter>
    </ClInclude>
    <ClInclude Include="Game\Cameras\FloatingCameras\Stage2Camera\Stage2Camera.h">
      <Filter>Cameras\StageCamera</Filter>
    </ClInclude>
    <ClInclude Include="Game\Cameras\FloatingCameras\Stage3Camera\Stage3Camera.h">
      <Filter>Cameras\StageCamera</Filter>
    </ClInclude>
    <ClInclude Include="Game\Cameras\FloatingCameras\Stage4Camera\Stage4Camera.h">
      <Filter>Cameras\StageCamera</Filter>
    </ClInclude>
    <ClInclude Include="Resources\Icon\Icon.h">
      <Filter>Assets</Filter>
    </ClInclude>
    <ClInclude Include="Game\Editor\System\UI_Editor\UI_Editor.h">
      <Filter>GameSystems\Editor\UI_Editor</Filter>
    </ClInclude>
    <ClInclude Include="Game\PlayScene\System\StageCollision\StageCollision.h">
      <Filter>GameSystems\Play\StageCollision</Filter>
    </ClInclude>
    <ClInclude Include="Game\SelectScene\System\UI_Select\UI_Select.h">
      <Filter>GameSystems\Select\UI_Select</Filter>
    </ClInclude>
    <ClInclude Include="Game\TitleScene\System\UI_Title\UI_Title.h">
      <Filter>GameSystems\Title\UI_Title</Filter>
    </ClInclude>
    <ClInclude Include="Game\Common\Water\Water.h">
      <Filter>GameObjects\Common\Water</Filter>
    </ClInclude>
    <ClInclude Include="Game\Common\WorldMouse\WorldMouse.h">
      <Filter>GameObjects\Common\WorldMouse</Filter>
    </ClInclude>
    <ClInclude Include="Libraries\SystemManager\SystemManager.h">
      <Filter>Libraries\SystemManager</Filter>
    </ClInclude>
    <ClInclude Include="StepTimer.h">
      <Filter>Libraries</Filter>
    </ClInclude>
    <ClInclude Include="ReadData.h">
      <Filter>Libraries</Filter>
    </ClInclude>
    <ClInclude Include="Libraries\UserUtility.h">
      <Filter>Libraries</Filter>
    </ClInclude>
    <ClInclude Include="Game\PlayScene\System\UI_Play\UI_Play.h">
      <Filter>GameSystems\Play\UI_Play</Filter>
    </ClInclude>
    <ClInclude Include="Game\Common\DrawNumber\DrawNumber.h">
      <Filter>GameSystems\Common\DrawNumber</Filter>
    </ClInclude>
    <ClInclude Include="Game\PlayScene\System\UI_Play\UI_PlayArea\UI_PlayArea.h">
      <Filter>GameSystems\Play\UI_Play\UI_PlayArea</Filter>
    </ClInclude>
    <ClInclude Include="Game\PlayScene\System\UI_Play\UI_CoinNum\UI_CoinNum.h">
      <Filter>GameSystems\Play\UI_Play\UI_CoinNum</Filter>
    </ClInclude>
    <ClInclude Include="Game\Cameras\FloatingCameras\Stage0Camera\Stage0Camera.h">
      <Filter>Cameras\StageCamera</Filter>
    </ClInclude>
    <ClInclude Include="Libraries\SystemDatas\Timer\Timer.h">
      <Filter>Libraries\Timer</Filter>
    </ClInclude>
    <ClInclude Include="Game\ClearScene\System\UI_Clear\UI_Clear.h">
      <Filter>GameSystems\Clear\UI_Clear</Filter>
    </ClInclude>
    <ClInclude Include="Game\ClearScene\System\ScoreBoard\ScoreBoard.h">
      <Filter>GameSystems\Clear\ScoreBoard</Filter>
    </ClInclude>
    <ClInclude Include="Game\ClearScene\Objects\BG_Clear\BG_Clear.h">
      <Filter>GameObjects\Clear\BG_Clear</Filter>
    </ClInclude>
    <ClInclude Include="Game\ClearScene\Objects\MomentCanv\MomentCanv.h">
      <Filter>GameObjects\Clear\MomentCanv</Filter>
    </ClInclude>
    <ClInclude Include="Game\ClearScene\Objects\Tape\Tape.h">
      <Filter>GameObjects\Clear\Tape</Filter>
    </ClInclude>
    <ClInclude Include="Game\Common\Blocks\Flozen\Flozen.h">
      <Filter>GameObjects\Common\Blocks\Flozen</Filter>
    </ClInclude>
    <ClInclude Include="Game\SelectScene\Objects\BG_Select\BG_Select.h">
      <Filter>GameObjects\Select\BG_Select</Filter>
    </ClInclude>
    <ClInclude Include="Game\ClearScene\Objects\Seal\Seal.h">
      <Filter>GameObjects\Clear\Seal</Filter>
    </ClInclude>
    <ClInclude Include="Game\TitleScene\Objects\Logo\Logo.h">
      <Filter>GameObjects\Title\Logo</Filter>
    </ClInclude>
  </ItemGroup>
  <ItemGroup>
    <Image Include="Resources\Textures\Editor\Buttons\AirButton.dds">
      <Filter>Resources\Textures\Button</Filter>
    </Image>
    <Image Include="Resources\Textures\Editor\Buttons\CharaButton.dds">
      <Filter>Resources\Textures\Button</Filter>
    </Image>
    <Image Include="Resources\Textures\Editor\Buttons\CloseBar.dds">
      <Filter>Resources\Textures\Button</Filter>
    </Image>
    <Image Include="Resources\Textures\Editor\Buttons\CloudButton.dds">
      <Filter>Resources\Textures\Button</Filter>
    </Image>
    <Image Include="Resources\Textures\Editor\Buttons\CoinButton.dds">
      <Filter>Resources\Textures\Button</Filter>
    </Image>
    <Image Include="Resources\Textures\Editor\Buttons\SpikeButton.dds">
      <Filter>Resources\Textures\Button</Filter>
    </Image>
    <Image Include="Resources\Textures\Editor\Buttons\WriteButton.dds">
      <Filter>Resources\Textures\Button</Filter>
    </Image>
    <Image Include="Resources\Textures\Editor\Buttons\GoalButton.dds">
      <Filter>Resources\Textures\Button</Filter>
    </Image>
    <Image Include="Resources\Textures\Editor\Buttons\LoadButton.dds">
      <Filter>Resources\Textures\Button</Filter>
    </Image>
    <Image Include="Resources\Textures\Editor\Buttons\FlozenButton.dds">
      <Filter>Resources\Textures\Button</Filter>
    </Image>
    <Image Include="Resources\Textures\ScreenShot\image.dds">
      <Filter>Resources\Textures\ScreenShot</Filter>
    </Image>
    <Image Include="Resources\Textures\Editor\Buttons\OpenBar.dds">
      <Filter>Resources\Textures\Button</Filter>
    </Image>
    <Image Include="Resources\Textures\Transitions\Rule_Haze.png">
      <Filter>Resources\Textures\Rule</Filter>
    </Image>
    <Image Include="Resources\Textures\ShaderTex\water.png">
      <Filter>Resources\Textures\Common</Filter>
    </Image>
    <Image Include="Resources\Textures\Text\Start.dds">
      <Filter>Resources\Textures\Text</Filter>
    </Image>
    <Image Include="Resources\Textures\Text\Editor.dds">
      <Filter>Resources\Textures\Text</Filter>
    </Image>
    <Image Include="Resources\Textures\Text\Exit.dds">
      <Filter>Resources\Textures\Text</Filter>
    </Image>
    <Image Include="Resources\Textures\UI_Play\UI_Area.dds">
      <Filter>Resources\Textures\UI_Play</Filter>
    </Image>
    <Image Include="Resources\Textures\Text\Number.dds">
      <Filter>Resources\Textures\Text</Filter>
    </Image>
    <Image Include="Resources\Textures\Stages\Stage1.dds">
      <Filter>Resources\Textures\Stages</Filter>
    </Image>
    <Image Include="Resources\Textures\Stages\Stage2.dds">
      <Filter>Resources\Textures\Stages</Filter>
    </Image>
    <Image Include="Resources\Textures\Stages\Stage3.dds">
      <Filter>Resources\Textures\Stages</Filter>
    </Image>
    <Image Include="Resources\Textures\Stages\Stage4.dds">
      <Filter>Resources\Textures\Stages</Filter>
    </Image>
    <Image Include="Resources\Textures\Stages\StageE.dds">
      <Filter>Resources\Textures\Stages</Filter>
    </Image>
    <Image Include="Resources\Textures\Text\Stage1tex.dds">
      <Filter>Resources\Textures\Text</Filter>
    </Image>
    <Image Include="Resources\Textures\Text\Stage2tex.dds">
      <Filter>Resources\Textures\Text</Filter>
    </Image>
    <Image Include="Resources\Textures\Text\Stage3tex.dds">
      <Filter>Resources\Textures\Text</Filter>
    </Image>
    <Image Include="Resources\Textures\Text\Stage3tex.dds">
      <Filter>Resources\Textures\Text</Filter>
    </Image>
    <Image Include="Resources\Textures\Text\Stage4tex.dds">
      <Filter>Resources\Textures\Text</Filter>
    </Image>
    <Image Include="Resources\Textures\Text\Selecttex.dds">
      <Filter>Resources\Textures\Text</Filter>
    </Image>
    <Image Include="Resources\Textures\Text\Nexttex.dds">
      <Filter>Resources\Textures\Text</Filter>
    </Image>
    <Image Include="Resources\Textures\Text\ReTrytex.dds">
      <Filter>Resources\Textures\Text</Filter>
    </Image>
    <Image Include="Resources\Textures\BackGround\cork.dds">
      <Filter>Resources\Textures\BackGround</Filter>
    </Image>
    <Image Include="Resources\Textures\UI_Clear\tape1.dds">
      <Filter>Resources\Textures\UI_Clear</Filter>
    </Image>
    <Image Include="Resources\Textures\UI_Clear\tape2.dds">
      <Filter>Resources\Textures\UI_Clear</Filter>
    </Image>
    <Image Include="Resources\Textures\BackGround\selectBG.dds">
      <Filter>Resources\Textures\BackGround</Filter>
    </Image>
    <Image Include="Resources\Textures\UI_Clear\clockSeal.dds">
      <Filter>Resources\Textures\UI_Clear</Filter>
    </Image>
    <Image Include="Resources\Textures\UI_Clear\coinSeal.dds">
      <Filter>Resources\Textures\UI_Clear</Filter>
    </Image>
    <Image Include="Resources\Textures\Logo\Logo.dds">
      <Filter>Resources\Textures\Logo</Filter>
    </Image>
  </ItemGroup>
  <ItemGroup>
    <None Include="Resources\Models\Cloud.cmo">
      <Filter>Resources\Models</Filter>
    </None>
    <None Include="Resources\Models\Coin.cmo">
      <Filter>Resources\Models</Filter>
    </None>
    <None Include="Resources\Models\CursorObj.cmo">
      <Filter>Resources\Models</Filter>
    </None>
    <None Include="Resources\Models\Flag.cmo">
      <Filter>Resources\Models</Filter>
    </None>
    <None Include="Resources\Models\Flozen.cmo">
      <Filter>Resources\Models</Filter>
    </None>
    <None Include="Resources\Models\Goal.cmo">
      <Filter>Resources\Models</Filter>
    </None>
    <None Include="Resources\Models\pAll.cmo">
      <Filter>Resources\Models</Filter>
    </None>
    <None Include="Resources\Models\pBody.cmo">
      <Filter>Resources\Models</Filter>
    </None>
    <None Include="Resources\Models\pHead.cmo">
      <Filter>Resources\Models</Filter>
    </None>
    <None Include="Resources\Models\Spike.cmo">
      <Filter>Resources\Models</Filter>
    </None>
    <None Include="Resources\Shaders\DisplayEffects\Display.hlsli">
      <Filter>Resources\Shaders\Display</Filter>
    </None>
    <None Include="Resources\Shaders\Water\Water.hlsli">
      <Filter>Resources\Shaders\Water</Filter>
    </None>
    <None Include="Resources\Shaders\Transition\Transition.hlsli">
      <Filter>Resources\Shaders\Transition</Filter>
    </None>
    <None Include="Resources\Stages\sample1.json">
      <Filter>Resources\Stages</Filter>
    </None>
    <None Include="Resources\Stages\sample2.json">
      <Filter>Resources\Stages</Filter>
    </None>
    <None Include="Resources\Stages\sample3.json">
      <Filter>Resources\Stages</Filter>
    </None>
    <None Include="Resources\Stages\sample3.json">
      <Filter>Resources\Stages</Filter>
    </None>
    <None Include="Resources\Shaders\ShadowMap\SM_Common.hlsli">
      <Filter>Resources\Shaders\ShadowMap</Filter>
    </None>
    <None Include="packages.config">
      <Filter>Assets</Filter>
    </None>
    <None Include="Resources\Fonts\SegoeUI_18.spritefont">
      <Filter>Assets</Filter>
    </None>
    <None Include="Resources\Shaders\ParametersHeader.hlsli">
      <Filter>Resources\Shaders\ShadowMap</Filter>
    </None>
    <None Include="Resources\Stages\sample4.json">
      <Filter>Resources\Stages</Filter>
    </None>
    <None Include="Resources\Models\Sky.cmo">
      <Filter>Resources\Models</Filter>
    </None>
  </ItemGroup>
  <ItemGroup>
    <Filter Include="Cameras">
      <UniqueIdentifier>{ac810fae-cee3-46b6-8b7c-d8e7c8866690}</UniqueIdentifier>
    </Filter>
    <Filter Include="Cameras\AdminCamera">
      <UniqueIdentifier>{82100e63-67fa-4d58-93ef-1dd5ae3ec9d6}</UniqueIdentifier>
    </Filter>
    <Filter Include="Cameras\Camera">
      <UniqueIdentifier>{4dd4b96c-db12-4eed-8d23-e3a3eb0ba21d}</UniqueIdentifier>
    </Filter>
    <Filter Include="Cameras\EditorCamera">
      <UniqueIdentifier>{cdb17fcf-25ab-4e94-8621-13bf25c09423}</UniqueIdentifier>
    </Filter>
    <Filter Include="Cameras\DeathCamera">
      <UniqueIdentifier>{db6b919c-2ca2-489e-936e-e21fd51b5e89}</UniqueIdentifier>
    </Filter>
    <Filter Include="Interfaces">
      <UniqueIdentifier>{d9150a4d-91ae-4f88-89ee-9f469d00937b}</UniqueIdentifier>
    </Filter>
    <Filter Include="Interfaces\IGameCamera">
      <UniqueIdentifier>{3f829e01-4cbd-4434-b4ae-fbc9acf228dc}</UniqueIdentifier>
    </Filter>
    <Filter Include="Interfaces\IGameObject">
      <UniqueIdentifier>{21cc561c-c77d-4e7c-a9de-c7abf01a0d79}</UniqueIdentifier>
    </Filter>
    <Filter Include="Interfaces\IScene">
      <UniqueIdentifier>{0b9324fe-c29c-42bf-b298-07373acdaf2a}</UniqueIdentifier>
    </Filter>
    <Filter Include="Interfaces\IUserInterface">
      <UniqueIdentifier>{91acd816-9024-4985-bf64-43b5e063431e}</UniqueIdentifier>
    </Filter>
    <Filter Include="Scenes">
      <UniqueIdentifier>{0c3f85ce-e792-45cf-bd28-566ea722938e}</UniqueIdentifier>
    </Filter>
    <Filter Include="Scenes\ClearScene">
      <UniqueIdentifier>{7fe57305-3927-48ed-a583-b5c5ede36d1b}</UniqueIdentifier>
    </Filter>
    <Filter Include="Resources">
      <UniqueIdentifier>{3ad9c081-e06e-446a-bfe9-b004eca43c2e}</UniqueIdentifier>
    </Filter>
    <Filter Include="Resources\Textures">
      <UniqueIdentifier>{8261d7f4-5dff-4662-a392-9f32dd953eef}</UniqueIdentifier>
    </Filter>
    <Filter Include="Resources\Textures\Button">
      <UniqueIdentifier>{bb053495-3104-4f9b-8647-d0a97549da4c}</UniqueIdentifier>
    </Filter>
    <Filter Include="Resources\Models">
      <UniqueIdentifier>{cad1901c-791d-4104-bb8b-fa26e1c800f2}</UniqueIdentifier>
    </Filter>
    <Filter Include="Libraries">
      <UniqueIdentifier>{0fd03938-8966-477b-9813-7255c36e3ea1}</UniqueIdentifier>
    </Filter>
    <Filter Include="Libraries\Button">
      <UniqueIdentifier>{cb066ea6-28c8-4e64-959a-bb3b6bd27c9f}</UniqueIdentifier>
    </Filter>
    <Filter Include="Libraries\DepthStencil">
      <UniqueIdentifier>{14c5e0d2-60f9-4ea3-bfcc-18f84b1949cb}</UniqueIdentifier>
    </Filter>
    <Filter Include="Libraries\DeviceResources">
      <UniqueIdentifier>{9ececad1-98af-47c0-ad08-42b0a87bf55b}</UniqueIdentifier>
    </Filter>
    <Filter Include="Libraries\DiaLog">
      <UniqueIdentifier>{178a5624-923a-45f3-af1c-1012b9c44676}</UniqueIdentifier>
    </Filter>
    <Filter Include="Libraries\DisplayEffect">
      <UniqueIdentifier>{268effdd-52b4-4bbd-a572-35226d8444c2}</UniqueIdentifier>
    </Filter>
    <Filter Include="Libraries\DrawSprite">
      <UniqueIdentifier>{a3ada18c-769a-468c-84cd-16be20e4dee0}</UniqueIdentifier>
    </Filter>
    <Filter Include="Libraries\DrawString">
      <UniqueIdentifier>{e755f359-8670-4d56-807f-525ef8a19f83}</UniqueIdentifier>
    </Filter>
    <Filter Include="Libraries\Fade">
      <UniqueIdentifier>{77646b62-b17f-4178-9d80-ac595319fc2f}</UniqueIdentifier>
    </Filter>
    <Filter Include="Libraries\GeometricFactory">
      <UniqueIdentifier>{f0b5283b-8e70-40d7-bf47-1b1fe2340988}</UniqueIdentifier>
    </Filter>
    <Filter Include="Libraries\GridFloor">
      <UniqueIdentifier>{92a2e387-deac-49b0-ad65-ff2002c90520}</UniqueIdentifier>
    </Filter>
    <Filter Include="Libraries\Input">
      <UniqueIdentifier>{51f4a992-6432-465f-8831-5ffc1f5b8b73}</UniqueIdentifier>
    </Filter>
    <Filter Include="Libraries\JsonHelper">
      <UniqueIdentifier>{f6ecee0d-0a68-4d20-86e4-4cd829fb8f92}</UniqueIdentifier>
    </Filter>
    <Filter Include="Libraries\ModelFactory">
      <UniqueIdentifier>{08d8e60e-27d7-4109-bb8e-e98f03eec343}</UniqueIdentifier>
    </Filter>
    <Filter Include="Libraries\RayCast">
      <UniqueIdentifier>{573749ad-6d8a-47f0-a448-111b5ca0e339}</UniqueIdentifier>
    </Filter>
    <Filter Include="Libraries\RenderTexture">
      <UniqueIdentifier>{8f8bed21-3e5a-49e0-93f6-64ab10f5d7f2}</UniqueIdentifier>
    </Filter>
    <Filter Include="Libraries\SoundManager">
      <UniqueIdentifier>{8d0c329e-95d3-49ae-85f6-8dae203b5f26}</UniqueIdentifier>
    </Filter>
    <Filter Include="Libraries\Transition">
      <UniqueIdentifier>{c2449553-c227-4efc-91cf-5f1c42fe5b0c}</UniqueIdentifier>
    </Filter>
    <Filter Include="Libraries\XContoller">
      <UniqueIdentifier>{181cdb3d-7ee6-4f04-bf0d-9d179861bd7d}</UniqueIdentifier>
    </Filter>
    <Filter Include="Resources\Shaders">
      <UniqueIdentifier>{691a665d-8d45-4df5-ae88-c14fcc0033ab}</UniqueIdentifier>
    </Filter>
    <Filter Include="Resources\Shaders\Display">
      <UniqueIdentifier>{be7a6b1e-9be1-4a08-a0ba-361bba6eb5a2}</UniqueIdentifier>
    </Filter>
    <Filter Include="Resources\Shaders\Water">
      <UniqueIdentifier>{2018b959-d427-4051-b765-0411e4415d6a}</UniqueIdentifier>
    </Filter>
    <Filter Include="Resources\Shaders\Transition">
      <UniqueIdentifier>{1631818f-d9a4-4cac-89e9-7a1fdf95ba1e}</UniqueIdentifier>
    </Filter>
    <Filter Include="Resources\Textures\ScreenShot">
      <UniqueIdentifier>{afa8f898-3fa1-4c6a-9006-6bd836eabc5a}</UniqueIdentifier>
    </Filter>
    <Filter Include="Resources\Textures\Common">
      <UniqueIdentifier>{cb99af56-c638-41de-a859-5fd4d9e294f6}</UniqueIdentifier>
    </Filter>
    <Filter Include="Resources\Textures\Text">
      <UniqueIdentifier>{93d4f133-7011-4a03-a925-999ac4089e96}</UniqueIdentifier>
    </Filter>
    <Filter Include="Scenes\TitleScene">
      <UniqueIdentifier>{b85374b2-ad82-4af1-8160-c06c0332371a}</UniqueIdentifier>
    </Filter>
    <Filter Include="Scenes\PlayScene">
      <UniqueIdentifier>{3c98f162-da8b-4859-89f6-32f4dbca5c56}</UniqueIdentifier>
    </Filter>
    <Filter Include="Main">
      <UniqueIdentifier>{99e372c1-0130-4cc2-9c45-02f81ffbc42f}</UniqueIdentifier>
    </Filter>
    <Filter Include="Scenes\Editor">
      <UniqueIdentifier>{685cc4fc-0345-4928-9f60-4ccf1643cbbc}</UniqueIdentifier>
    </Filter>
    <Filter Include="Cameras\FixedPointCamera">
      <UniqueIdentifier>{f47d7b42-9ea1-46c0-ac82-b114ffa00de2}</UniqueIdentifier>
    </Filter>
    <Filter Include="Main\Game">
      <UniqueIdentifier>{bd7d3e74-9f9b-45a3-b5d7-6eb3c4ede6a1}</UniqueIdentifier>
    </Filter>
    <Filter Include="Main\GameMain">
      <UniqueIdentifier>{f58a9721-4610-4650-be53-2a26e7c0e115}</UniqueIdentifier>
    </Filter>
    <Filter Include="Main\pch">
      <UniqueIdentifier>{7ce8b178-bc69-4b35-94dc-a68f8b3f8764}</UniqueIdentifier>
    </Filter>
    <Filter Include="GameSystems">
      <UniqueIdentifier>{2051ee9e-f24d-4a14-a592-ac67f720453c}</UniqueIdentifier>
    </Filter>
    <Filter Include="GameSystems\Play">
      <UniqueIdentifier>{71095349-e704-49c5-98a8-02ec1a790871}</UniqueIdentifier>
    </Filter>
    <Filter Include="GameSystems\Play\ImageShot">
      <UniqueIdentifier>{87bd4c8d-bdf5-4fa2-8eb7-438cbc180031}</UniqueIdentifier>
    </Filter>
    <Filter Include="GameSystems\Editor">
      <UniqueIdentifier>{31eb4ccd-54fb-44f6-b0ab-75a266c715fa}</UniqueIdentifier>
    </Filter>
    <Filter Include="GameSystems\Editor\EditorCollision">
      <UniqueIdentifier>{f1072bf7-e1bd-4616-ace1-fc9df697e191}</UniqueIdentifier>
    </Filter>
    <Filter Include="GameSystems\Play\FlagManager">
      <UniqueIdentifier>{bfbc20d7-36a2-4461-8575-e49e1e1ff743}</UniqueIdentifier>
    </Filter>
    <Filter Include="Resources\Textures\Rule">
      <UniqueIdentifier>{5fa845e5-d61c-45e7-b994-80724d236c41}</UniqueIdentifier>
    </Filter>
    <Filter Include="Cameras\RotateCamera">
      <UniqueIdentifier>{cd0bfe37-9e72-4a6a-a371-7470a41bc050}</UniqueIdentifier>
    </Filter>
    <Filter Include="Resources\Stages">
      <UniqueIdentifier>{160a7611-043a-4161-8da3-32dc3cc53a7e}</UniqueIdentifier>
    </Filter>
    <Filter Include="Resources\Shaders\ShadowMap">
      <UniqueIdentifier>{c4f23cd3-b369-45e9-aac9-ab5c830b0d9b}</UniqueIdentifier>
    </Filter>
    <Filter Include="Cameras\StageCamera">
      <UniqueIdentifier>{a6b9b28a-74af-40ab-a358-0f22d41d1ad0}</UniqueIdentifier>
    </Filter>
    <Filter Include="Assets">
      <UniqueIdentifier>{eb4229a8-5e37-44c7-b00a-d0499ba44437}</UniqueIdentifier>
    </Filter>
    <Filter Include="GameSystems\Title">
      <UniqueIdentifier>{c41892bb-cf26-4401-9a65-fe70c7c2bf99}</UniqueIdentifier>
    </Filter>
    <Filter Include="GameSystems\Editor\UI_Editor">
      <UniqueIdentifier>{6b1a11a7-b27c-4fe8-9d40-e7e55ed95970}</UniqueIdentifier>
    </Filter>
    <Filter Include="GameSystems\Play\StageCollision">
      <UniqueIdentifier>{12ec7c4e-b1fb-40e3-93f7-1abcfe628b4d}</UniqueIdentifier>
    </Filter>
    <Filter Include="GameSystems\Select">
      <UniqueIdentifier>{47ba904a-782c-47fa-9374-a4d8a7848ba4}</UniqueIdentifier>
    </Filter>
    <Filter Include="GameSystems\Select\UI_Select">
      <UniqueIdentifier>{da2e7085-93d6-4c4d-b6fc-9d017629f622}</UniqueIdentifier>
    </Filter>
    <Filter Include="GameSystems\Title\UI_Title">
      <UniqueIdentifier>{46b1ecab-f771-435e-9bde-cb1ab5dbdb22}</UniqueIdentifier>
    </Filter>
    <Filter Include="Libraries\SystemManager">
      <UniqueIdentifier>{7df4f3b9-c755-4dce-ab3e-b29c0c6ef6ff}</UniqueIdentifier>
    </Filter>
    <Filter Include="GameSystems\Play\UI_Play">
      <UniqueIdentifier>{86bc4cb4-eec8-478f-80de-90bb9860d2ed}</UniqueIdentifier>
    </Filter>
    <Filter Include="Resources\Textures\UI_Play">
      <UniqueIdentifier>{dd4d6a51-9a12-420d-8ee0-e6a61bda4200}</UniqueIdentifier>
    </Filter>
    <Filter Include="GameSystems\Clear">
      <UniqueIdentifier>{b66c267e-9764-45fc-9c40-a18050105b10}</UniqueIdentifier>
    </Filter>
    <Filter Include="GameSystems\Common">
      <UniqueIdentifier>{6ecd8087-9773-44a0-b611-73a4c0f9ed66}</UniqueIdentifier>
    </Filter>
    <Filter Include="GameSystems\Common\DrawNumber">
      <UniqueIdentifier>{74a05f20-7dec-4ee3-aea3-179775d9af7f}</UniqueIdentifier>
    </Filter>
    <Filter Include="GameSystems\Play\UI_Play\UI_PlayArea">
      <UniqueIdentifier>{8ffb86e8-fa8f-4e71-9fee-fd9460200d2d}</UniqueIdentifier>
    </Filter>
    <Filter Include="GameSystems\Play\UI_Play\UI_CoinNum">
      <UniqueIdentifier>{b00d738f-e46c-479b-8a6c-f0bfe958ed5d}</UniqueIdentifier>
    </Filter>
    <Filter Include="GameObjects">
      <UniqueIdentifier>{961ae1a8-4cc9-49b8-93ef-179696fc263e}</UniqueIdentifier>
    </Filter>
    <Filter Include="GameObjects\Common">
      <UniqueIdentifier>{bf5daed2-9231-4b02-833d-137dd9a495e1}</UniqueIdentifier>
    </Filter>
    <Filter Include="GameObjects\Common\CursorObject">
      <UniqueIdentifier>{3dadb200-95ed-4014-ac0b-45ea459aacc8}</UniqueIdentifier>
    </Filter>
    <Filter Include="GameObjects\Common\Blocks">
      <UniqueIdentifier>{e7a9b045-7c46-4ed3-98c8-93116be00c56}</UniqueIdentifier>
    </Filter>
    <Filter Include="GameObjects\Common\Blocks\Coin">
      <UniqueIdentifier>{a76fb650-c880-4953-93b2-437ab8e9dd99}</UniqueIdentifier>
    </Filter>
    <Filter Include="GameObjects\Common\Blocks\Air">
      <UniqueIdentifier>{4191ed06-6491-44e0-9426-3e4b52be8cec}</UniqueIdentifier>
    </Filter>
    <Filter Include="GameObjects\Common\Blocks\Cloud">
      <UniqueIdentifier>{6368c934-f301-485a-90e1-7905191c2387}</UniqueIdentifier>
    </Filter>
    <Filter Include="GameObjects\Common\Blocks\Goal">
      <UniqueIdentifier>{b9da240b-7bf9-46df-82e1-2a4a8b2ff80b}</UniqueIdentifier>
    </Filter>
    <Filter Include="GameObjects\Common\Blocks\Spike">
      <UniqueIdentifier>{d651b34b-8148-4010-9436-6f3c0eaa2634}</UniqueIdentifier>
    </Filter>
    <Filter Include="GameObjects\Common\BlockManager">
      <UniqueIdentifier>{5a90c2d1-29a8-4e0f-afdc-1bf2a676a0cc}</UniqueIdentifier>
    </Filter>
    <Filter Include="GameObjects\Common\Water">
      <UniqueIdentifier>{52ed3740-cc8e-4ad5-9e2f-073db7d45a3f}</UniqueIdentifier>
    </Filter>
    <Filter Include="GameObjects\Common\WorldMouse">
      <UniqueIdentifier>{8652c02b-8b79-4043-aefc-bb4c67bb4bf4}</UniqueIdentifier>
    </Filter>
    <Filter Include="GameObjects\Title">
      <UniqueIdentifier>{28cbb10d-5317-4c56-b937-a9ce652d9bd3}</UniqueIdentifier>
    </Filter>
    <Filter Include="GameObjects\Title\Bird_Title">
      <UniqueIdentifier>{de7b4021-0cad-455b-81ed-506b86fe5511}</UniqueIdentifier>
    </Filter>
    <Filter Include="GameObjects\Title\Sky_Title">
      <UniqueIdentifier>{da5652a9-a5d4-458d-8e59-deb0fb0ce823}</UniqueIdentifier>
    </Filter>
    <Filter Include="GameObjects\Play">
      <UniqueIdentifier>{0207da42-f576-43c2-87c5-e62d6fcbc943}</UniqueIdentifier>
    </Filter>
    <Filter Include="GameObjects\Play\Flag">
      <UniqueIdentifier>{77106cdd-a184-400c-a6bd-5a7df296ff0a}</UniqueIdentifier>
    </Filter>
    <Filter Include="GameObjects\Play\Player">
      <UniqueIdentifier>{33407447-12ae-4ea9-98e5-2d597e5461d3}</UniqueIdentifier>
    </Filter>
    <Filter Include="GameObjects\Play\Player\Head">
      <UniqueIdentifier>{189acabe-be83-4487-b775-732c63a45089}</UniqueIdentifier>
    </Filter>
    <Filter Include="GameObjects\Play\Sky_Play">
      <UniqueIdentifier>{4c38cfaf-66ce-43d1-aa36-18274abd874c}</UniqueIdentifier>
    </Filter>
    <Filter Include="GameObjects\Select">
      <UniqueIdentifier>{9143f698-53f8-4747-8974-4b0641b38f4e}</UniqueIdentifier>
    </Filter>
    <Filter Include="GameObjects\Select\Sky_Select">
      <UniqueIdentifier>{e4ae6031-f09d-48fe-a194-7a51d2e9dfcb}</UniqueIdentifier>
    </Filter>
    <Filter Include="GameObjects\Editor">
      <UniqueIdentifier>{0f96f914-6949-4a16-8b13-c59e88519e4b}</UniqueIdentifier>
    </Filter>
    <Filter Include="GameObjects\Editor\EditChara">
      <UniqueIdentifier>{69bd8bca-5a6f-4110-9310-2a15f8a76ffc}</UniqueIdentifier>
    </Filter>
    <Filter Include="Resources\Textures\Stages">
      <UniqueIdentifier>{8404bdc5-f47b-4910-bb15-10c7242d321f}</UniqueIdentifier>
    </Filter>
    <Filter Include="Libraries\Timer">
      <UniqueIdentifier>{d8bb3bb8-a59a-4de0-a708-98d556260b0b}</UniqueIdentifier>
    </Filter>
    <Filter Include="GameSystems\Clear\UI_Clear">
      <UniqueIdentifier>{bd4d4905-6279-4b1d-8712-428985840ebd}</UniqueIdentifier>
    </Filter>
    <Filter Include="GameSystems\Clear\ScoreBoard">
      <UniqueIdentifier>{2d96af35-624f-4991-b608-c0a0d1b145f8}</UniqueIdentifier>
    </Filter>
    <Filter Include="Scenes\SelectScene">
      <UniqueIdentifier>{ef332ff6-2a21-4931-8e99-d61c6b92f121}</UniqueIdentifier>
    </Filter>
    <Filter Include="Resources\Textures\BackGround">
      <UniqueIdentifier>{1e73e86d-e016-492f-871e-e3ea81cfe59e}</UniqueIdentifier>
    </Filter>
    <Filter Include="GameObjects\Clear">
      <UniqueIdentifier>{80a8443f-f751-476e-adcf-bc28911fbcab}</UniqueIdentifier>
    </Filter>
    <Filter Include="GameObjects\Clear\BG_Clear">
      <UniqueIdentifier>{01805464-4984-4cda-a1df-a280efb06b23}</UniqueIdentifier>
    </Filter>
    <Filter Include="GameObjects\Clear\MomentCanv">
      <UniqueIdentifier>{4c982803-ba56-4167-a9ed-c41bafc939fb}</UniqueIdentifier>
    </Filter>
    <Filter Include="GameObjects\Clear\Tape">
      <UniqueIdentifier>{873062d5-2032-4a79-b8c1-216bc0579ebb}</UniqueIdentifier>
    </Filter>
    <Filter Include="Resources\Textures\UI_Clear">
      <UniqueIdentifier>{71f79a94-a230-41ba-a093-6275cb1c2979}</UniqueIdentifier>
    </Filter>
    <Filter Include="GameObjects\Common\Blocks\Flozen">
      <UniqueIdentifier>{6056ea33-2629-4dcb-b520-96254809c4f4}</UniqueIdentifier>
    </Filter>
    <Filter Include="GameObjects\Select\BG_Select">
      <UniqueIdentifier>{9a9e0caa-5f47-4a83-889b-2a8e958b6c30}</UniqueIdentifier>
    </Filter>
    <Filter Include="GameObjects\Clear\Seal">
      <UniqueIdentifier>{1a2b072b-bee5-4231-9476-ea13e6369f39}</UniqueIdentifier>
    </Filter>
    <Filter Include="GameObjects\Title\Logo">
      <UniqueIdentifier>{a9c77db7-3a44-4b72-ba8e-b54190959361}</UniqueIdentifier>
    </Filter>
    <Filter Include="Resources\Textures\Logo">
      <UniqueIdentifier>{b2cc43bd-71ef-4d82-b8e2-26bae4e4fc2c}</UniqueIdentifier>
    </Filter>
  </ItemGroup>
  <ItemGroup>
    <ResourceCompile Include="Resources\Icon\Icon.rc">
      <Filter>Assets</Filter>
    </ResourceCompile>
  </ItemGroup>
  <ItemGroup>
    <Text Include="memo.txt">
      <Filter>Assets</Filter>
    </Text>
  </ItemGroup>
  <ItemGroup>
    <Font Include="Resources\Fonts\myfile.spritefont">
      <Filter>Assets</Filter>
    </Font>
  </ItemGroup>
  <ItemGroup>
    <Manifest Include="settings.manifest">
      <Filter>Assets</Filter>
    </Manifest>
  </ItemGroup>
</Project>